
Microsoft Visual Studio Solution File, Format Version 12.00
# Visual Studio Version 17
VisualStudioVersion = 17.0.31903.59
MinimumVisualStudioVersion = 10.0.40219.1
Project("{2150E333-8FDC-42A3-9474-1A3956D46DE8}") = "Src", "Src", "{827E0CD3-B72D-47B6-A68D-7590B98EB39B}"
EndProject
Project("{FAE04EC0-301F-11D3-BF4B-00C04F79EFBC}") = "Async.Collections", "Src\Async.Collections.csproj", "{41EAFB52-1FC8-4B6B-B80B-4E3C37B5593C}"
EndProject
Project("{FAE04EC0-301F-11D3-BF4B-00C04F79EFBC}") = "Async.Collections.Tests", "Tests\Async.Collections.Tests.csproj", "{873AA272-F3AF-43F3-8CD0-1C2A989AE49A}"
EndProject
Global
	GlobalSection(SolutionConfigurationPlatforms) = preSolution
		Debug|Any CPU = Debug|Any CPU
		Debug|x64 = Debug|x64
		Debug|x86 = Debug|x86
		Release|Any CPU = Release|Any CPU
		Release|x64 = Release|x64
		Release|x86 = Release|x86
	EndGlobalSection
	GlobalSection(ProjectConfigurationPlatforms) = postSolution
		{41EAFB52-1FC8-4B6B-B80B-4E3C37B5593C}.Debug|Any CPU.ActiveCfg = Debug|Any CPU
		{41EAFB52-1FC8-4B6B-B80B-4E3C37B5593C}.Debug|Any CPU.Build.0 = Debug|Any CPU
		{41EAFB52-1FC8-4B6B-B80B-4E3C37B5593C}.Debug|x64.ActiveCfg = Debug|Any CPU
		{41EAFB52-1FC8-4B6B-B80B-4E3C37B5593C}.Debug|x64.Build.0 = Debug|Any CPU
		{41EAFB52-1FC8-4B6B-B80B-4E3C37B5593C}.Debug|x86.ActiveCfg = Debug|Any CPU
		{41EAFB52-1FC8-4B6B-B80B-4E3C37B5593C}.Debug|x86.Build.0 = Debug|Any CPU
		{41EAFB52-1FC8-4B6B-B80B-4E3C37B5593C}.Release|Any CPU.ActiveCfg = Release|Any CPU
		{41EAFB52-1FC8-4B6B-B80B-4E3C37B5593C}.Release|Any CPU.Build.0 = Release|Any CPU
		{41EAFB52-1FC8-4B6B-B80B-4E3C37B5593C}.Release|x64.ActiveCfg = Release|Any CPU
		{41EAFB52-1FC8-4B6B-B80B-4E3C37B5593C}.Release|x64.Build.0 = Release|Any CPU
		{41EAFB52-1FC8-4B6B-B80B-4E3C37B5593C}.Release|x86.ActiveCfg = Release|Any CPU
		{41EAFB52-1FC8-4B6B-B80B-4E3C37B5593C}.Release|x86.Build.0 = Release|Any CPU
		{873AA272-F3AF-43F3-8CD0-1C2A989AE49A}.Debug|Any CPU.ActiveCfg = Debug|Any CPU
		{873AA272-F3AF-43F3-8CD0-1C2A989AE49A}.Debug|Any CPU.Build.0 = Debug|Any CPU
		{873AA272-F3AF-43F3-8CD0-1C2A989AE49A}.Debug|x64.ActiveCfg = Debug|Any CPU
		{873AA272-F3AF-43F3-8CD0-1C2A989AE49A}.Debug|x64.Build.0 = Debug|Any CPU
		{873AA272-F3AF-43F3-8CD0-1C2A989AE49A}.Debug|x86.ActiveCfg = Debug|Any CPU
		{873AA272-F3AF-43F3-8CD0-1C2A989AE49A}.Debug|x86.Build.0 = Debug|Any CPU
		{873AA272-F3AF-43F3-8CD0-1C2A989AE49A}.Release|Any CPU.ActiveCfg = Release|Any CPU
		{873AA272-F3AF-43F3-8CD0-1C2A989AE49A}.Release|Any CPU.Build.0 = Release|Any CPU
		{873AA272-F3AF-43F3-8CD0-1C2A989AE49A}.Release|x64.ActiveCfg = Release|Any CPU
		{873AA272-F3AF-43F3-8CD0-1C2A989AE49A}.Release|x64.Build.0 = Release|Any CPU
		{873AA272-F3AF-43F3-8CD0-1C2A989AE49A}.Release|x86.ActiveCfg = Release|Any CPU
		{873AA272-F3AF-43F3-8CD0-1C2A989AE49A}.Release|x86.Build.0 = Release|Any CPU
	EndGlobalSection
	GlobalSection(SolutionProperties) = preSolution
		HideSolutionNode = FALSE
	EndGlobalSection
	GlobalSection(NestedProjects) = preSolution
		{41EAFB52-1FC8-4B6B-B80B-4E3C37B5593C} = {827E0CD3-B72D-47B6-A68D-7590B98EB39B}
		{873AA272-F3AF-43F3-8CD0-1C2A989AE49A} = {827E0CD3-B72D-47B6-A68D-7590B98EB39B}
	EndGlobalSection
EndGlobal
